
Microsoft Visual Studio Solution File, Format Version 12.00
# Visual Studio Version 17
VisualStudioVersion = 17.5.002.0
MinimumVisualStudioVersion = 10.0.40219.1
Project("{9A19103F-16F7-4668-BE54-9A1E7A4F7556}") = "Final", "Final\Final.csproj", "{BD7CFC67-30B3-4ACC-9868-79092BFBE848}"
EndProject
Project("{9A19103F-16F7-4668-BE54-9A1E7A4F7556}") = "Starter", "Starter\Starter.csproj", "{5505CBEB-D78C-433D-8FB5-5AC8B068599C}"
EndProject
Global
	GlobalSection(SolutionConfigurationPlatforms) = preSolution
		Debug|Any CPU = Debug|Any CPU
		Release|Any CPU = Release|Any CPU
	EndGlobalSection
	GlobalSection(ProjectConfigurationPlatforms) = postSolution
		{BD7CFC67-30B3-4ACC-9868-79092BFBE848}.Debug|Any CPU.ActiveCfg = Debug|Any CPU
		{BD7CFC67-30B3-4ACC-9868-79092BFBE848}.Debug|Any CPU.Build.0 = Debug|Any CPU
		{BD7CFC67-30B3-4ACC-9868-79092BFBE848}.Release|Any CPU.ActiveCfg = Release|Any CPU
		{BD7CFC67-30B3-4ACC-9868-79092BFBE848}.Release|Any CPU.Build.0 = Release|Any CPU
		{5505CBEB-D78C-433D-8FB5-5AC8B068599C}.Debug|Any CPU.ActiveCfg = Debug|Any CPU
		{5505CBEB-D78C-433D-8FB5-5AC8B068599C}.Debug|Any CPU.Build.0 = Debug|Any CPU
		{5505CBEB-D78C-433D-8FB5-5AC8B068599C}.Release|Any CPU.ActiveCfg = Release|Any CPU
		{5505CBEB-D78C-433D-8FB5-5AC8B068599C}.Release|Any CPU.Build.0 = Release|Any CPU
	EndGlobalSection
	GlobalSection(SolutionProperties) = preSolution
		HideSolutionNode = FALSE
	EndGlobalSection
	GlobalSection(ExtensibilityGlobals) = postSolution
		SolutionGuid = {B777DED2-AB06-4C68-AA1C-63D706274E06}
	EndGlobalSection
EndGlobal
